
Microsoft Visual Studio Solution File, Format Version 12.00
# Visual Studio Version 17
VisualStudioVersion = 17.1.32421.90
MinimumVisualStudioVersion = 10.0.40219.1
Project("{FAE04EC0-301F-11D3-BF4B-00C04F79EFBC}") = "PeliculasAPI", "PeliculasAPI\PeliculasAPI.csproj", "{42330A81-1150-4257-9562-96EFDD67EB21}"
EndProject
Global
	GlobalSection(SolutionConfigurationPlatforms) = preSolution
		Debug|Any CPU = Debug|Any CPU
		Release|Any CPU = Release|Any CPU
	EndGlobalSection
	GlobalSection(ProjectConfigurationPlatforms) = postSolution
		{42330A81-1150-4257-9562-96EFDD67EB21}.Debug|Any CPU.ActiveCfg = Debug|Any CPU
		{42330A81-1150-4257-9562-96EFDD67EB21}.Debug|Any CPU.Build.0 = Debug|Any CPU
		{42330A81-1150-4257-9562-96EFDD67EB21}.Release|Any CPU.ActiveCfg = Release|Any CPU
		{42330A81-1150-4257-9562-96EFDD67EB21}.Release|Any CPU.Build.0 = Release|Any CPU
	EndGlobalSection
	GlobalSection(SolutionProperties) = preSolution
		HideSolutionNode = FALSE
	EndGlobalSection
	GlobalSection(ExtensibilityGlobals) = postSolution
		SolutionGuid = {B5C99999-624A-4185-9A68-62B10E7B3FD6}
	EndGlobalSection
EndGlobal
